// !$*UTF8*$!
{
	archiveVersion = 1;
	classes = {
	};
	objectVersion = 52;
	objects = {

/* Begin PBXBuildFile section */
		9534C1542475EB80008143EA /* AppDelegate.swift in Sources */ = {isa = PBXBuildFile; fileRef = 9534C1532475EB80008143EA /* AppDelegate.swift */; };
		9534C1562475EB80008143EA /* SceneDelegate.swift in Sources */ = {isa = PBXBuildFile; fileRef = 9534C1552475EB80008143EA /* SceneDelegate.swift */; };
		9534C1582475EB80008143EA /* ContentView.swift in Sources */ = {isa = PBXBuildFile; fileRef = 9534C1572475EB80008143EA /* ContentView.swift */; };
		9534C15A2475EB82008143EA /* Assets.xcassets in Resources */ = {isa = PBXBuildFile; fileRef = 9534C1592475EB82008143EA /* Assets.xcassets */; };
		9534C15D2475EB82008143EA /* Preview Assets.xcassets in Resources */ = {isa = PBXBuildFile; fileRef = 9534C15C2475EB82008143EA /* Preview Assets.xcassets */; };
		9534C1602475EB82008143EA /* LaunchScreen.storyboard in Resources */ = {isa = PBXBuildFile; fileRef = 9534C15E2475EB82008143EA /* LaunchScreen.storyboard */; };
		9534C1692475EC58008143EA /* PennyFramework in Frameworks */ = {isa = PBXBuildFile; productRef = 9534C1682475EC58008143EA /* PennyFramework */; };
		9534C16A2475EC58008143EA /* PennyFramework in Embed Frameworks */ = {isa = PBXBuildFile; productRef = 9534C1682475EC58008143EA /* PennyFramework */; settings = {ATTRIBUTES = (CodeSignOnCopy, ); }; };
/* End PBXBuildFile section */

/* Begin PBXCopyFilesBuildPhase section */
		9534C16B2475EC59008143EA /* Embed Frameworks */ = {
			isa = PBXCopyFilesBuildPhase;
			buildActionMask = 2147483647;
			dstPath = "";
			dstSubfolderSpec = 10;
			files = (
				9534C16A2475EC58008143EA /* PennyFramework in Embed Frameworks */,
			);
			name = "Embed Frameworks";
			runOnlyForDeploymentPostprocessing = 0;
		};
/* End PBXCopyFilesBuildPhase section */

/* Begin PBXFileReference section */
		9534C1502475EB80008143EA /* PennyFrameworkProject.app */ = {isa = PBXFileReference; explicitFileType = wrapper.application; includeInIndex = 0; path = PennyFrameworkProject.app; sourceTree = BUILT_PRODUCTS_DIR; };
		9534C1532475EB80008143EA /* AppDelegate.swift */ = {isa = PBXFileReference; lastKnownFileType = sourcecode.swift; path = AppDelegate.swift; sourceTree = "<group>"; };
		9534C1552475EB80008143EA /* SceneDelegate.swift */ = {isa = PBXFileReference; lastKnownFileType = sourcecode.swift; path = SceneDelegate.swift; sourceTree = "<group>"; };
		9534C1572475EB80008143EA /* ContentView.swift */ = {isa = PBXFileReference; lastKnownFileType = sourcecode.swift; path = ContentView.swift; sourceTree = "<group>"; };
		9534C1592475EB82008143EA /* Assets.xcassets */ = {isa = PBXFileReference; lastKnownFileType = folder.assetcatalog; path = Assets.xcassets; sourceTree = "<group>"; };
		9534C15C2475EB82008143EA /* Preview Assets.xcassets */ = {isa = PBXFileReference; lastKnownFileType = folder.assetcatalog; path = "Preview Assets.xcassets"; sourceTree = "<group>"; };
		9534C15F2475EB82008143EA /* Base */ = {isa = PBXFileReference; lastKnownFileType = file.storyboard; name = Base; path = Base.lproj/LaunchScreen.storyboard; sourceTree = "<group>"; };
		9534C1612475EB82008143EA /* Info.plist */ = {isa = PBXFileReference; lastKnownFileType = text.plist.xml; path = Info.plist; sourceTree = "<group>"; };
/* End PBXFileReference section */

/* Begin PBXFrameworksBuildPhase section */
		9534C14D2475EB80008143EA /* Frameworks */ = {
			isa = PBXFrameworksBuildPhase;
			buildActionMask = 2147483647;
			files = (
				9534C1692475EC58008143EA /* PennyFramework in Frameworks */,
			);
			runOnlyForDeploymentPostprocessing = 0;
		};
/* End PBXFrameworksBuildPhase section */

/* Begin PBXGroup section */
		9534C1472475EB80008143EA = {
			isa = PBXGroup;
			children = (
				9534C1522475EB80008143EA /* PennyFrameworkProject */,
				9534C1512475EB80008143EA /* Products */,
			);
			sourceTree = "<group>";
		};
		9534C1512475EB80008143EA /* Products */ = {
			isa = PBXGroup;
			children = (
				9534C1502475EB80008143EA /* PennyFrameworkProject.app */,
			);
			name = Products;
			sourceTree = "<group>";
		};
		9534C1522475EB80008143EA /* PennyFrameworkProject */ = {
			isa = PBXGroup;
			children = (
				9534C1532475EB80008143EA /* AppDelegate.swift */,
				9534C1552475EB80008143EA /* SceneDelegate.swift */,
				9534C1572475EB80008143EA /* ContentView.swift */,
				9534C1592475EB82008143EA /* Assets.xcassets */,
				9534C15E2475EB82008143EA /* LaunchScreen.storyboard */,
				9534C1612475EB82008143EA /* Info.plist */,
				9534C15B2475EB82008143EA /* Preview Content */,
			);
			path = PennyFrameworkProject;
			sourceTree = "<group>";
		};
		9534C15B2475EB82008143EA /* Preview Content */ = {
			isa = PBXGroup;
			children = (
				9534C15C2475EB82008143EA /* Preview Assets.xcassets */,
			);
			path = "Preview Content";
			sourceTree = "<group>";
		};
/* End PBXGroup section */

/* Begin PBXNativeTarget section */
		9534C14F2475EB80008143EA /* PennyFrameworkProject */ = {
			isa = PBXNativeTarget;
			buildConfigurationList = 9534C1642475EB82008143EA /* Build configuration list for PBXNativeTarget "PennyFrameworkProject" */;
			buildPhases = (
				9534C14C2475EB80008143EA /* Sources */,
				9534C14D2475EB80008143EA /* Frameworks */,
				9534C14E2475EB80008143EA /* Resources */,
				9534C16B2475EC59008143EA /* Embed Frameworks */,
			);
			buildRules = (
			);
			dependencies = (
			);
			name = PennyFrameworkProject;
			packageProductDependencies = (
				9534C1682475EC58008143EA /* PennyFramework */,
			);
			productName = PennyFrameworkProject;
			productReference = 9534C1502475EB80008143EA /* PennyFrameworkProject.app */;
			productType = "com.apple.product-type.application";
		};
/* End PBXNativeTarget section */

/* Begin PBXProject section */
		9534C1482475EB80008143EA /* Project object */ = {
			isa = PBXProject;
			attributes = {
				LastSwiftUpdateCheck = 1140;
				LastUpgradeCheck = 1140;
				ORGANIZATIONNAME = clarknt;
				TargetAttributes = {
					9534C14F2475EB80008143EA = {
						CreatedOnToolsVersion = 11.4;
					};
				};
			};
			buildConfigurationList = 9534C14B2475EB80008143EA /* Build configuration list for PBXProject "PennyFrameworkProject" */;
			compatibilityVersion = "Xcode 9.3";
			developmentRegion = en;
			hasScannedForEncodings = 0;
			knownRegions = (
				en,
				Base,
			);
			mainGroup = 9534C1472475EB80008143EA;
			packageReferences = (
				9534C1672475EC58008143EA /* XCRemoteSwiftPackageReference "penny-framework" */,
			);
			productRefGroup = 9534C1512475EB80008143EA /* Products */;
			projectDirPath = "";
			projectRoot = "";
			targets = (
				9534C14F2475EB80008143EA /* PennyFrameworkProject */,
			);
		};
/* End PBXProject section */

/* Begin PBXResourcesBuildPhase section */
		9534C14E2475EB80008143EA /* Resources */ = {
			isa = PBXResourcesBuildPhase;
			buildActionMask = 2147483647;
			files = (
				9534C1602475EB82008143EA /* LaunchScreen.storyboard in Resources */,
				9534C15D2475EB82008143EA /* Preview Assets.xcassets in Resources */,
				9534C15A2475EB82008143EA /* Assets.xcassets in Resources */,
			);
			runOnlyForDeploymentPostprocessing = 0;
		};
/* End PBXResourcesBuildPhase section */

/* Begin PBXSourcesBuildPhase section */
		9534C14C2475EB80008143EA /* Sources */ = {
			isa = PBXSourcesBuildPhase;
			buildActionMask = 2147483647;
			files = (
				9534C1542475EB80008143EA /* AppDelegate.swift in Sources */,
				9534C1562475EB80008143EA /* SceneDelegate.swift in Sources */,
				9534C1582475EB80008143EA /* ContentView.swift in Sources */,
			);
			runOnlyForDeploymentPostprocessing = 0;
		};
/* End PBXSourcesBuildPhase section */

/* Begin PBXVariantGroup section */
		9534C15E2475EB82008143EA /* LaunchScreen.storyboard */ = {
			isa = PBXVariantGroup;
			children = (
				9534C15F2475EB82008143EA /* Base */,
			);
			name = LaunchScreen.storyboard;
			sourceTree = "<group>";
		};
/* End PBXVariantGroup section */

/* Begin XCBuildConfiguration section */
		9534C1622475EB82008143EA /* Debug */ = {
			isa = XCBuildConfiguration;
			buildSettings = {
				ALWAYS_SEARCH_USER_PATHS = NO;
				CLANG_ANALYZER_NONNULL = YES;
				CLANG_ANALYZER_NUMBER_OBJECT_CONVERSION = YES_AGGRESSIVE;
				CLANG_CXX_LANGUAGE_STANDARD = "gnu++14";
				CLANG_CXX_LIBRARY = "libc++";
				CLANG_ENABLE_MODULES = YES;
				CLANG_ENABLE_OBJC_ARC = YES;
				CLANG_ENABLE_OBJC_WEAK = YES;
				CLANG_WARN_BLOCK_CAPTURE_AUTORELEASING = YES;
				CLANG_WARN_BOOL_CONVERSION = YES;
				CLANG_WARN_COMMA = YES;
				CLANG_WARN_CONSTANT_CONVERSION = YES;
				CLANG_WARN_DEPRECATED_OBJC_IMPLEMENTATIONS = YES;
				CLANG_WARN_DIRECT_OBJC_ISA_USAGE = YES_ERROR;
				CLANG_WARN_DOCUMENTATION_COMMENTS = YES;
				CLANG_WARN_EMPTY_BODY = YES;
				CLANG_WARN_ENUM_CONVERSION = YES;
				CLANG_WARN_INFINITE_RECURSION = YES;
				CLANG_WARN_INT_CONVERSION = YES;
				CLANG_WARN_NON_LITERAL_NULL_CONVERSION = YES;
				CLANG_WARN_OBJC_IMPLICIT_RETAIN_SELF = YES;
				CLANG_WARN_OBJC_LITERAL_CONVERSION = YES;
				CLANG_WARN_OBJC_ROOT_CLASS = YES_ERROR;
				CLANG_WARN_RANGE_LOOP_ANALYSIS = YES;
				CLANG_WARN_STRICT_PROTOTYPES = YES;
				CLANG_WARN_SUSPICIOUS_MOVE = YES;
				CLANG_WARN_UNGUARDED_AVAILABILITY = YES_AGGRESSIVE;
				CLANG_WARN_UNREACHABLE_CODE = YES;
				CLANG_WARN__DUPLICATE_METHOD_MATCH = YES;
				COPY_PHASE_STRIP = NO;
				DEBUG_INFORMATION_FORMAT = dwarf;
				ENABLE_STRICT_OBJC_MSGSEND = YES;
				ENABLE_TESTABILITY = YES;
				GCC_C_LANGUAGE_STANDARD = gnu11;
				GCC_DYNAMIC_NO_PIC = NO;
				GCC_NO_COMMON_BLOCKS = YES;
				GCC_OPTIMIZATION_LEVEL = 0;
				GCC_PREPROCESSOR_DEFINITIONS = (
					"DEBUG=1",
					"$(inherited)",
				);
				GCC_WARN_64_TO_32_BIT_CONVERSION = YES;
				GCC_WARN_ABOUT_RETURN_TYPE = YES_ERROR;
				GCC_WARN_UNDECLARED_SELECTOR = YES;
				GCC_WARN_UNINITIALIZED_AUTOS = YES_AGGRESSIVE;
				GCC_WARN_UNUSED_FUNCTION = YES;
				GCC_WARN_UNUSED_VARIABLE = YES;
				IPHONEOS_DEPLOYMENT_TARGET = 13.4;
				MTL_ENABLE_DEBUG_INFO = INCLUDE_SOURCE;
				MTL_FAST_MATH = YES;
				ONLY_ACTIVE_ARCH = YES;
				SDKROOT = iphoneos;
				SWIFT_ACTIVE_COMPILATION_CONDITIONS = DEBUG;
				SWIFT_OPTIMIZATION_LEVEL = "-Onone";
			};
			name = Debug;
		};
		9534C1632475EB82008143EA /* Release */ = {
			isa = XCBuildConfiguration;
			buildSettings = {
				ALWAYS_SEARCH_USER_PATHS = NO;
				CLANG_ANALYZER_NONNULL = YES;
				CLANG_ANALYZER_NUMBER_OBJECT_CONVERSION = YES_AGGRESSIVE;
				CLANG_CXX_LANGUAGE_STANDARD = "gnu++14";
				CLANG_CXX_LIBRARY = "libc++";
				CLANG_ENABLE_MODULES = YES;
				CLANG_ENABLE_OBJC_ARC = YES;
				CLANG_ENABLE_OBJC_WEAK = YES;
				CLANG_WARN_BLOCK_CAPTURE_AUTORELEASING = YES;
				CLANG_WARN_BOOL_CONVERSION = YES;
				CLANG_WARN_COMMA = YES;
				CLANG_WARN_CONSTANT_CONVERSION = YES;
				CLANG_WARN_DEPRECATED_OBJC_IMPLEMENTATIONS = YES;
				CLANG_WARN_DIRECT_OBJC_ISA_USAGE = YES_ERROR;
				CLANG_WARN_DOCUMENTATION_COMMENTS = YES;
				CLANG_WARN_EMPTY_BODY = YES;
				CLANG_WARN_ENUM_CONVERSION = YES;
				CLANG_WARN_INFINITE_RECURSION = YES;
				CLANG_WARN_INT_CONVERSION = YES;
				CLANG_WARN_NON_LITERAL_NULL_CONVERSION = YES;
				CLANG_WARN_OBJC_IMPLICIT_RETAIN_SELF = YES;
				CLANG_WARN_OBJC_LITERAL_CONVERSION = YES;
				CLANG_WARN_OBJC_ROOT_CLASS = YES_ERROR;
				CLANG_WARN_RANGE_LOOP_ANALYSIS = YES;
				CLANG_WARN_STRICT_PROTOTYPES = YES;
				CLANG_WARN_SUSPICIOUS_MOVE = YES;
				CLANG_WARN_UNGUARDED_AVAILABILITY = YES_AGGRESSIVE;
				CLANG_WARN_UNREACHABLE_CODE = YES;
				CLANG_WARN__DUPLICATE_METHOD_MATCH = YES;
				COPY_PHASE_STRIP = NO;
				DEBUG_INFORMATION_FORMAT = "dwarf-with-dsym";
				ENABLE_NS_ASSERTIONS = NO;
				ENABLE_STRICT_OBJC_MSGSEND = YES;
				GCC_C_LANGUAGE_STANDARD = gnu11;
				GCC_NO_COMMON_BLOCKS = YES;
				GCC_WARN_64_TO_32_BIT_CONVERSION = YES;
				GCC_WARN_ABOUT_RETURN_TYPE = YES_ERROR;
				GCC_WARN_UNDECLARED_SELECTOR = YES;
				GCC_WARN_UNINITIALIZED_AUTOS = YES_AGGRESSIVE;
				GCC_WARN_UNUSED_FUNCTION = YES;
				GCC_WARN_UNUSED_VARIABLE = YES;
				IPHONEOS_DEPLOYMENT_TARGET = 13.4;
				MTL_ENABLE_DEBUG_INFO = NO;
				MTL_FAST_MATH = YES;
				SDKROOT = iphoneos;
				SWIFT_COMPILATION_MODE = wholemodule;
				SWIFT_OPTIMIZATION_LEVEL = "-O";
				VALIDATE_PRODUCT = YES;
			};
			name = Release;
		};
		9534C1652475EB82008143EA /* Debug */ = {
			isa = XCBuildConfiguration;
			buildSettings = {
				ASSETCATALOG_COMPILER_APPICON_NAME = AppIcon;
				CODE_SIGN_STYLE = Automatic;
				DEVELOPMENT_ASSET_PATHS = "\"PennyFrameworkProject/Preview Content\"";
				ENABLE_PREVIEWS = YES;
				INFOPLIST_FILE = PennyFrameworkProject/Info.plist;
				LD_RUNPATH_SEARCH_PATHS = (
					"$(inherited)",
					"@executable_path/Frameworks",
				);
				PRODUCT_BUNDLE_IDENTIFIER = clarknt.PennyFrameworkProject;
				PRODUCT_NAME = "$(TARGET_NAME)";
				SWIFT_VERSION = 5.0;
				TARGETED_DEVICE_FAMILY = "1,2";
			};
			name = Debug;
		};
		9534C1662475EB82008143EA /* Release */ = {
			isa = XCBuildConfiguration;
			buildSettings = {
				ASSETCATALOG_COMPILER_APPICON_NAME = AppIcon;
				CODE_SIGN_STYLE = Automatic;
				DEVELOPMENT_ASSET_PATHS = "\"PennyFrameworkProject/Preview Content\"";
				ENABLE_PREVIEWS = YES;
				INFOPLIST_FILE = PennyFrameworkProject/Info.plist;
				LD_RUNPATH_SEARCH_PATHS = (
					"$(inherited)",
					"@executable_path/Frameworks",
				);
				PRODUCT_BUNDLE_IDENTIFIER = clarknt.PennyFrameworkProject;
				PRODUCT_NAME = "$(TARGET_NAME)";
				SWIFT_VERSION = 5.0;
				TARGETED_DEVICE_FAMILY = "1,2";
			};
			name = Release;
		};
/* End XCBuildConfiguration section */

/* Begin XCConfigurationList section */
		9534C14B2475EB80008143EA /* Build configuration list for PBXProject "PennyFrameworkProject" */ = {
			isa = XCConfigurationList;
			buildConfigurations = (
				9534C1622475EB82008143EA /* Debug */,
				9534C1632475EB82008143EA /* Release */,
			);
			defaultConfigurationIsVisible = 0;
			defaultConfigurationName = Release;
		};
		9534C1642475EB82008143EA /* Build configuration list for PBXNativeTarget "PennyFrameworkProject" */ = {
			isa = XCConfigurationList;
			buildConfigurations = (
				9534C1652475EB82008143EA /* Debug */,
				9534C1662475EB82008143EA /* Release */,
			);
			defaultConfigurationIsVisible = 0;
			defaultConfigurationName = Release;
		};
/* End XCConfigurationList section */

/* Begin XCRemoteSwiftPackageReference section */
		9534C1672475EC58008143EA /* XCRemoteSwiftPackageReference "penny-framework" */ = {
			isa = XCRemoteSwiftPackageReference;
			repositoryURL = "https://github.com/clarknt/penny-framework.git";
			requirement = {
				kind = upToNextMajorVersion;
				minimumVersion = 0.1.0;
			};
		};
/* End XCRemoteSwiftPackageReference section */

/* Begin XCSwiftPackageProductDependency section */
		9534C1682475EC58008143EA /* PennyFramework */ = {
			isa = XCSwiftPackageProductDependency;
			package = 9534C1672475EC58008143EA /* XCRemoteSwiftPackageReference "penny-framework" */;
			productName = PennyFramework;
		};
/* End XCSwiftPackageProductDependency section */
	};
	rootObject = 9534C1482475EB80008143EA /* Project object */;
}
